
Microsoft Visual Studio Solution File, Format Version 12.00
# Visual Studio Version 17
VisualStudioVersion = 17.9.34622.214
MinimumVisualStudioVersion = 10.0.40219.1
Project("{FAE04EC0-301F-11D3-BF4B-00C04F79EFBC}") = "NetMQTestClient", "NetMQTestClient.csproj", "{4CAE476A-C502-4D63-8AB3-BF3C15164170}"
EndProject
Global
	GlobalSection(SolutionConfigurationPlatforms) = preSolution
		Debug|Any CPU = Debug|Any CPU
		Release|Any CPU = Release|Any CPU
	EndGlobalSection
	GlobalSection(ProjectConfigurationPlatforms) = postSolution
		{4CAE476A-C502-4D63-8AB3-BF3C15164170}.Debug|Any CPU.ActiveCfg = Debug|Any CPU
		{4CAE476A-C502-4D63-8AB3-BF3C15164170}.Debug|Any CPU.Build.0 = Debug|Any CPU
		{4CAE476A-C502-4D63-8AB3-BF3C15164170}.Release|Any CPU.ActiveCfg = Release|Any CPU
		{4CAE476A-C502-4D63-8AB3-BF3C15164170}.Release|Any CPU.Build.0 = Release|Any CPU
	EndGlobalSection
	GlobalSection(SolutionProperties) = preSolution
		HideSolutionNode = FALSE
	EndGlobalSection
	GlobalSection(ExtensibilityGlobals) = postSolution
		SolutionGuid = {432DA872-9BB4-4E9C-AEF9-530E89EA918D}
	EndGlobalSection
EndGlobal
